// !$*UTF8*$!
{
	archiveVersion = 1;
	classes = {
	};
	objectVersion = 56;
	objects = {

/* Begin PBXBuildFile section */
		A13E00E12A76BED6009F495E /* RunatalApp.swift in Sources */ = {isa = PBXBuildFile; fileRef = A13E00E02A76BED6009F495E /* RunatalApp.swift */; };
		A13E00E52A76BED7009F495E /* Assets.xcassets in Resources */ = {isa = PBXBuildFile; fileRef = A13E00E42A76BED7009F495E /* Assets.xcassets */; };
		A13E01112A76CD1D009F495E /* ElderFuthark.json in Resources */ = {isa = PBXBuildFile; fileRef = A13E01102A76CD1D009F495E /* ElderFuthark.json */; };
		A13E01152A76CF3A009F495E /* RunesController.swift in Sources */ = {isa = PBXBuildFile; fileRef = A13E01142A76CF3A009F495E /* RunesController.swift */; };
		A13E01172A76CF41009F495E /* Rune.swift in Sources */ = {isa = PBXBuildFile; fileRef = A13E01162A76CF40009F495E /* Rune.swift */; };
		A13E01192A76DDA0009F495E /* RuneDetailView.swift in Sources */ = {isa = PBXBuildFile; fileRef = A13E01182A76DDA0009F495E /* RuneDetailView.swift */; };
		A13E011B2A76E73F009F495E /* RunePoem.swift in Sources */ = {isa = PBXBuildFile; fileRef = A13E011A2A76E73F009F495E /* RunePoem.swift */; };
		A14E27BA2A80590300DAC15E /* RuneStrophesView.swift in Sources */ = {isa = PBXBuildFile; fileRef = A14E27B92A80590300DAC15E /* RuneStrophesView.swift */; };
		A14E27BC2A805BCD00DAC15E /* RuneStropheView.swift in Sources */ = {isa = PBXBuildFile; fileRef = A14E27BB2A805BCD00DAC15E /* RuneStropheView.swift */; };
		A14E27C12A812BC000DAC15E /* Translation.swift in Sources */ = {isa = PBXBuildFile; fileRef = A14E27C02A812BC000DAC15E /* Translation.swift */; };
		A14E27C22A812BC000DAC15E /* Translation.swift in Sources */ = {isa = PBXBuildFile; fileRef = A14E27C02A812BC000DAC15E /* Translation.swift */; };
		A14E27C42A812F1100DAC15E /* Note.swift in Sources */ = {isa = PBXBuildFile; fileRef = A14E27C32A812F1100DAC15E /* Note.swift */; };
		A14E27C52A812F1100DAC15E /* Note.swift in Sources */ = {isa = PBXBuildFile; fileRef = A14E27C32A812F1100DAC15E /* Note.swift */; };
		A14E27C72A8197FD00DAC15E /* RuneStropheNotesView.swift in Sources */ = {isa = PBXBuildFile; fileRef = A14E27C62A8197FD00DAC15E /* RuneStropheNotesView.swift */; };
		A14E27CA2A82381700DAC15E /* TranslationUnitTests.swift in Sources */ = {isa = PBXBuildFile; fileRef = A14E27C92A82381700DAC15E /* TranslationUnitTests.swift */; };
		A153C74B2A7980F600B055B1 /* RunatalWatchOsApp.swift in Sources */ = {isa = PBXBuildFile; fileRef = A153C74A2A7980F600B055B1 /* RunatalWatchOsApp.swift */; };
		A153C74D2A7980F600B055B1 /* RunesListWatchView.swift in Sources */ = {isa = PBXBuildFile; fileRef = A153C74C2A7980F600B055B1 /* RunesListWatchView.swift */; };
		A153C74F2A7980F700B055B1 /* Assets.xcassets in Resources */ = {isa = PBXBuildFile; fileRef = A153C74E2A7980F700B055B1 /* Assets.xcassets */; };
		A153C7552A7980F700B055B1 /* RunatalWatchOs Watch App.app in Embed Watch Content */ = {isa = PBXBuildFile; fileRef = A153C7482A7980F600B055B1 /* RunatalWatchOs Watch App.app */; platformFilter = ios; settings = {ATTRIBUTES = (RemoveHeadersOnCopy, ); }; };
		A153C7592A7981A600B055B1 /* ElderFuthark.json in Resources */ = {isa = PBXBuildFile; fileRef = A13E01102A76CD1D009F495E /* ElderFuthark.json */; };
		A153C75A2A7981AB00B055B1 /* RunePoem.swift in Sources */ = {isa = PBXBuildFile; fileRef = A13E011A2A76E73F009F495E /* RunePoem.swift */; };
		A153C75B2A7981AB00B055B1 /* Rune.swift in Sources */ = {isa = PBXBuildFile; fileRef = A13E01162A76CF40009F495E /* Rune.swift */; };
		A153C75C2A7981AD00B055B1 /* RunesController.swift in Sources */ = {isa = PBXBuildFile; fileRef = A13E01142A76CF3A009F495E /* RunesController.swift */; };
		A1723C502A88D6A800F4DAFD /* RunePoemStrophesView.swift in Sources */ = {isa = PBXBuildFile; fileRef = A1723C4F2A88D6A800F4DAFD /* RunePoemStrophesView.swift */; };
		A1723C542A88E06600F4DAFD /* RunePoemStropheView.swift in Sources */ = {isa = PBXBuildFile; fileRef = A1723C532A88E06600F4DAFD /* RunePoemStropheView.swift */; };
		A1723C562A88E5C800F4DAFD /* RunePoemStropheNotesView.swift in Sources */ = {isa = PBXBuildFile; fileRef = A1723C552A88E5C800F4DAFD /* RunePoemStropheNotesView.swift */; };
		A199F60B2A7FD6A100168F01 /* RunatalModel.xcdatamodeld in Sources */ = {isa = PBXBuildFile; fileRef = A199F6092A7FD6A100168F01 /* RunatalModel.xcdatamodeld */; };
		A199F60C2A7FD6A100168F01 /* RunatalModel.xcdatamodeld in Sources */ = {isa = PBXBuildFile; fileRef = A199F6092A7FD6A100168F01 /* RunatalModel.xcdatamodeld */; };
		A199F6132A7FEE0600168F01 /* DataMigration.swift in Sources */ = {isa = PBXBuildFile; fileRef = A199F6122A7FEE0600168F01 /* DataMigration.swift */; };
		A199F6142A7FEE0600168F01 /* DataMigration.swift in Sources */ = {isa = PBXBuildFile; fileRef = A199F6122A7FEE0600168F01 /* DataMigration.swift */; };
		A199F6162A7FEEC400168F01 /* CoreDataManager.swift in Sources */ = {isa = PBXBuildFile; fileRef = A199F6152A7FEEC400168F01 /* CoreDataManager.swift */; };
		A199F6172A7FEEC400168F01 /* CoreDataManager.swift in Sources */ = {isa = PBXBuildFile; fileRef = A199F6152A7FEEC400168F01 /* CoreDataManager.swift */; };
		A199F6192A80199000168F01 /* Strophe.swift in Sources */ = {isa = PBXBuildFile; fileRef = A199F6182A80199000168F01 /* Strophe.swift */; };
		A199F61A2A80199000168F01 /* Strophe.swift in Sources */ = {isa = PBXBuildFile; fileRef = A199F6182A80199000168F01 /* Strophe.swift */; };
		A199F61C2A802CC600168F01 /* RunePoems.json in Resources */ = {isa = PBXBuildFile; fileRef = A199F61B2A802CC600168F01 /* RunePoems.json */; };
		A199F61D2A802CC600168F01 /* RunePoems.json in Resources */ = {isa = PBXBuildFile; fileRef = A199F61B2A802CC600168F01 /* RunePoems.json */; };
		A1EF267B2A77ADE600BA9F69 /* RunesControllerTests.swift in Sources */ = {isa = PBXBuildFile; fileRef = A1EF267A2A77ADE600BA9F69 /* RunesControllerTests.swift */; };
		A1EF26882A78442200BA9F69 /* PrivacyPolicy.md in Resources */ = {isa = PBXBuildFile; fileRef = A1EF26872A78442200BA9F69 /* PrivacyPolicy.md */; };
		A1EF26C02A79649100BA9F69 /* README.md in Resources */ = {isa = PBXBuildFile; fileRef = A1EF26BF2A79649100BA9F69 /* README.md */; };
		A1F011772A862F1C00CDEC20 /* MenuView.swift in Sources */ = {isa = PBXBuildFile; fileRef = A1F011762A862F1C00CDEC20 /* MenuView.swift */; };
		A1F011792A863BEB00CDEC20 /* MenuController.swift in Sources */ = {isa = PBXBuildFile; fileRef = A1F011782A863BEB00CDEC20 /* MenuController.swift */; };
		A1F0117A2A863BEB00CDEC20 /* MenuController.swift in Sources */ = {isa = PBXBuildFile; fileRef = A1F011782A863BEB00CDEC20 /* MenuController.swift */; };
		A1F0117F2A8659D500CDEC20 /* RunePoemsController.swift in Sources */ = {isa = PBXBuildFile; fileRef = A1F0117E2A8659D500CDEC20 /* RunePoemsController.swift */; };
		A1F011802A8659D500CDEC20 /* RunePoemsController.swift in Sources */ = {isa = PBXBuildFile; fileRef = A1F0117E2A8659D500CDEC20 /* RunePoemsController.swift */; };
		A1F011822A865C7A00CDEC20 /* RunePoemView.swift in Sources */ = {isa = PBXBuildFile; fileRef = A1F011812A865C7A00CDEC20 /* RunePoemView.swift */; };
/* End PBXBuildFile section */

/* Begin PBXContainerItemProxy section */
		A153C7532A7980F700B055B1 /* PBXContainerItemProxy */ = {
			isa = PBXContainerItemProxy;
			containerPortal = A13E00D52A76BED6009F495E /* Project object */;
			proxyType = 1;
			remoteGlobalIDString = A153C7472A7980F600B055B1;
			remoteInfo = "RunatalWatchOs Watch App";
		};
		A1EF267C2A77ADE600BA9F69 /* PBXContainerItemProxy */ = {
			isa = PBXContainerItemProxy;
			containerPortal = A13E00D52A76BED6009F495E /* Project object */;
			proxyType = 1;
			remoteGlobalIDString = A13E00DC2A76BED6009F495E;
			remoteInfo = Runatal;
		};
/* End PBXContainerItemProxy section */

/* Begin PBXCopyFilesBuildPhase section */
		A153C73B2A797FD400B055B1 /* Embed Watch Content */ = {
			isa = PBXCopyFilesBuildPhase;
			buildActionMask = 2147483647;
			dstPath = "$(CONTENTS_FOLDER_PATH)/Watch";
			dstSubfolderSpec = 16;
			files = (
				A153C7552A7980F700B055B1 /* RunatalWatchOs Watch App.app in Embed Watch Content */,
			);
			name = "Embed Watch Content";
			runOnlyForDeploymentPostprocessing = 0;
		};
/* End PBXCopyFilesBuildPhase section */

/* Begin PBXFileReference section */
		A13E00DD2A76BED6009F495E /* Runatal.app */ = {isa = PBXFileReference; explicitFileType = wrapper.application; includeInIndex = 0; path = Runatal.app; sourceTree = BUILT_PRODUCTS_DIR; };
		A13E00E02A76BED6009F495E /* RunatalApp.swift */ = {isa = PBXFileReference; lastKnownFileType = sourcecode.swift; path = RunatalApp.swift; sourceTree = "<group>"; };
		A13E00E42A76BED7009F495E /* Assets.xcassets */ = {isa = PBXFileReference; lastKnownFileType = folder.assetcatalog; path = Assets.xcassets; sourceTree = "<group>"; };
		A13E00E62A76BED7009F495E /* Runatal.entitlements */ = {isa = PBXFileReference; lastKnownFileType = text.plist.entitlements; path = Runatal.entitlements; sourceTree = "<group>"; };
		A13E01102A76CD1D009F495E /* ElderFuthark.json */ = {isa = PBXFileReference; lastKnownFileType = text.json; path = ElderFuthark.json; sourceTree = "<group>"; };
		A13E01142A76CF3A009F495E /* RunesController.swift */ = {isa = PBXFileReference; lastKnownFileType = sourcecode.swift; path = RunesController.swift; sourceTree = "<group>"; };
		A13E01162A76CF40009F495E /* Rune.swift */ = {isa = PBXFileReference; lastKnownFileType = sourcecode.swift; path = Rune.swift; sourceTree = "<group>"; };
		A13E01182A76DDA0009F495E /* RuneDetailView.swift */ = {isa = PBXFileReference; lastKnownFileType = sourcecode.swift; path = RuneDetailView.swift; sourceTree = "<group>"; };
		A13E011A2A76E73F009F495E /* RunePoem.swift */ = {isa = PBXFileReference; lastKnownFileType = sourcecode.swift; path = RunePoem.swift; sourceTree = "<group>"; };
		A14E27B92A80590300DAC15E /* RuneStrophesView.swift */ = {isa = PBXFileReference; lastKnownFileType = sourcecode.swift; path = RuneStrophesView.swift; sourceTree = "<group>"; };
		A14E27BB2A805BCD00DAC15E /* RuneStropheView.swift */ = {isa = PBXFileReference; lastKnownFileType = sourcecode.swift; path = RuneStropheView.swift; sourceTree = "<group>"; };
		A14E27C02A812BC000DAC15E /* Translation.swift */ = {isa = PBXFileReference; lastKnownFileType = sourcecode.swift; path = Translation.swift; sourceTree = "<group>"; };
		A14E27C32A812F1100DAC15E /* Note.swift */ = {isa = PBXFileReference; lastKnownFileType = sourcecode.swift; path = Note.swift; sourceTree = "<group>"; };
		A14E27C62A8197FD00DAC15E /* RuneStropheNotesView.swift */ = {isa = PBXFileReference; lastKnownFileType = sourcecode.swift; path = RuneStropheNotesView.swift; sourceTree = "<group>"; };
		A14E27C92A82381700DAC15E /* TranslationUnitTests.swift */ = {isa = PBXFileReference; lastKnownFileType = sourcecode.swift; path = TranslationUnitTests.swift; sourceTree = "<group>"; };
		A153C7482A7980F600B055B1 /* RunatalWatchOs Watch App.app */ = {isa = PBXFileReference; explicitFileType = wrapper.application; includeInIndex = 0; path = "RunatalWatchOs Watch App.app"; sourceTree = BUILT_PRODUCTS_DIR; };
		A153C74A2A7980F600B055B1 /* RunatalWatchOsApp.swift */ = {isa = PBXFileReference; lastKnownFileType = sourcecode.swift; path = RunatalWatchOsApp.swift; sourceTree = "<group>"; };
		A153C74C2A7980F600B055B1 /* RunesListWatchView.swift */ = {isa = PBXFileReference; lastKnownFileType = sourcecode.swift; path = RunesListWatchView.swift; sourceTree = "<group>"; };
		A153C74E2A7980F700B055B1 /* Assets.xcassets */ = {isa = PBXFileReference; lastKnownFileType = folder.assetcatalog; path = Assets.xcassets; sourceTree = "<group>"; };
		A1723C4F2A88D6A800F4DAFD /* RunePoemStrophesView.swift */ = {isa = PBXFileReference; lastKnownFileType = sourcecode.swift; path = RunePoemStrophesView.swift; sourceTree = "<group>"; };
		A1723C532A88E06600F4DAFD /* RunePoemStropheView.swift */ = {isa = PBXFileReference; lastKnownFileType = sourcecode.swift; path = RunePoemStropheView.swift; sourceTree = "<group>"; };
		A1723C552A88E5C800F4DAFD /* RunePoemStropheNotesView.swift */ = {isa = PBXFileReference; lastKnownFileType = sourcecode.swift; path = RunePoemStropheNotesView.swift; sourceTree = "<group>"; };
		A199F60A2A7FD6A100168F01 /* RunatalModel.xcdatamodel */ = {isa = PBXFileReference; lastKnownFileType = wrapper.xcdatamodel; path = RunatalModel.xcdatamodel; sourceTree = "<group>"; };
		A199F6122A7FEE0600168F01 /* DataMigration.swift */ = {isa = PBXFileReference; lastKnownFileType = sourcecode.swift; path = DataMigration.swift; sourceTree = "<group>"; };
		A199F6152A7FEEC400168F01 /* CoreDataManager.swift */ = {isa = PBXFileReference; lastKnownFileType = sourcecode.swift; path = CoreDataManager.swift; sourceTree = "<group>"; };
		A199F6182A80199000168F01 /* Strophe.swift */ = {isa = PBXFileReference; lastKnownFileType = sourcecode.swift; path = Strophe.swift; sourceTree = "<group>"; };
		A199F61B2A802CC600168F01 /* RunePoems.json */ = {isa = PBXFileReference; lastKnownFileType = text.json; path = RunePoems.json; sourceTree = "<group>"; };
		A1EF26782A77ADE600BA9F69 /* RunatalTests.xctest */ = {isa = PBXFileReference; explicitFileType = wrapper.cfbundle; includeInIndex = 0; path = RunatalTests.xctest; sourceTree = BUILT_PRODUCTS_DIR; };
		A1EF267A2A77ADE600BA9F69 /* RunesControllerTests.swift */ = {isa = PBXFileReference; lastKnownFileType = sourcecode.swift; path = RunesControllerTests.swift; sourceTree = "<group>"; };
		A1EF26832A77AF8500BA9F69 /* LICENSE */ = {isa = PBXFileReference; lastKnownFileType = text; path = LICENSE; sourceTree = "<group>"; };
		A1EF26842A77B03D00BA9F69 /* Runatal.xctestplan */ = {isa = PBXFileReference; lastKnownFileType = text; path = Runatal.xctestplan; sourceTree = "<group>"; };
		A1EF26872A78442200BA9F69 /* PrivacyPolicy.md */ = {isa = PBXFileReference; fileEncoding = 4; lastKnownFileType = net.daringfireball.markdown; path = PrivacyPolicy.md; sourceTree = SOURCE_ROOT; };
		A1EF26BF2A79649100BA9F69 /* README.md */ = {isa = PBXFileReference; fileEncoding = 4; lastKnownFileType = net.daringfireball.markdown; path = README.md; sourceTree = "<group>"; };
		A1F011762A862F1C00CDEC20 /* MenuView.swift */ = {isa = PBXFileReference; lastKnownFileType = sourcecode.swift; path = MenuView.swift; sourceTree = "<group>"; };
		A1F011782A863BEB00CDEC20 /* MenuController.swift */ = {isa = PBXFileReference; lastKnownFileType = sourcecode.swift; path = MenuController.swift; sourceTree = "<group>"; };
		A1F0117E2A8659D500CDEC20 /* RunePoemsController.swift */ = {isa = PBXFileReference; lastKnownFileType = sourcecode.swift; path = RunePoemsController.swift; sourceTree = "<group>"; };
		A1F011812A865C7A00CDEC20 /* RunePoemView.swift */ = {isa = PBXFileReference; lastKnownFileType = sourcecode.swift; path = RunePoemView.swift; sourceTree = "<group>"; };
/* End PBXFileReference section */

/* Begin PBXFrameworksBuildPhase section */
		A13E00DA2A76BED6009F495E /* Frameworks */ = {
			isa = PBXFrameworksBuildPhase;
			buildActionMask = 2147483647;
			files = (
			);
			runOnlyForDeploymentPostprocessing = 0;
		};
		A153C7452A7980F600B055B1 /* Frameworks */ = {
			isa = PBXFrameworksBuildPhase;
			buildActionMask = 2147483647;
			files = (
			);
			runOnlyForDeploymentPostprocessing = 0;
		};
		A1EF26752A77ADE600BA9F69 /* Frameworks */ = {
			isa = PBXFrameworksBuildPhase;
			buildActionMask = 2147483647;
			files = (
			);
			runOnlyForDeploymentPostprocessing = 0;
		};
/* End PBXFrameworksBuildPhase section */

/* Begin PBXGroup section */
		A13E00D42A76BED6009F495E = {
			isa = PBXGroup;
			children = (
				A199F6092A7FD6A100168F01 /* RunatalModel.xcdatamodeld */,
				A1EF26BF2A79649100BA9F69 /* README.md */,
				A1EF26872A78442200BA9F69 /* PrivacyPolicy.md */,
				A1EF26832A77AF8500BA9F69 /* LICENSE */,
				A1EF26732A77ADBF00BA9F69 /* Tests */,
				A13E010D2A76CCE3009F495E /* Assets */,
				A13E010B2A76BF7C009F495E /* Source */,
				A153C7492A7980F600B055B1 /* WatchApp */,
				A13E00DE2A76BED6009F495E /* Products */,
			);
			sourceTree = "<group>";
		};
		A13E00DE2A76BED6009F495E /* Products */ = {
			isa = PBXGroup;
			children = (
				A13E00DD2A76BED6009F495E /* Runatal.app */,
				A1EF26782A77ADE600BA9F69 /* RunatalTests.xctest */,
				A153C7482A7980F600B055B1 /* RunatalWatchOs Watch App.app */,
			);
			name = Products;
			sourceTree = "<group>";
		};
		A13E010B2A76BF7C009F495E /* Source */ = {
			isa = PBXGroup;
			children = (
				A199F6112A7FEDF700168F01 /* Utils */,
				A13E01132A76CEF7009F495E /* Controllers */,
				A13E01122A76CEF3009F495E /* Models */,
				A13E00E62A76BED7009F495E /* Runatal.entitlements */,
				A13E010C2A76BF99009F495E /* Views */,
				A13E00E42A76BED7009F495E /* Assets.xcassets */,
				A13E00E02A76BED6009F495E /* RunatalApp.swift */,
				A199F6152A7FEEC400168F01 /* CoreDataManager.swift */,
			);
			path = Source;
			sourceTree = "<group>";
		};
		A13E010C2A76BF99009F495E /* Views */ = {
			isa = PBXGroup;
			children = (
				A1723C522A88E03F00F4DAFD /* Runes */,
				A1723C512A88E03800F4DAFD /* Poems */,
				A1F011762A862F1C00CDEC20 /* MenuView.swift */,
			);
			path = Views;
			sourceTree = "<group>";
		};
		A13E010D2A76CCE3009F495E /* Assets */ = {
			isa = PBXGroup;
			children = (
				A13E01102A76CD1D009F495E /* ElderFuthark.json */,
				A199F61B2A802CC600168F01 /* RunePoems.json */,
			);
			path = Assets;
			sourceTree = "<group>";
		};
		A13E01122A76CEF3009F495E /* Models */ = {
			isa = PBXGroup;
			children = (
				A13E01162A76CF40009F495E /* Rune.swift */,
				A13E011A2A76E73F009F495E /* RunePoem.swift */,
				A199F6182A80199000168F01 /* Strophe.swift */,
				A14E27C02A812BC000DAC15E /* Translation.swift */,
				A14E27C32A812F1100DAC15E /* Note.swift */,
			);
			path = Models;
			sourceTree = "<group>";
		};
		A13E01132A76CEF7009F495E /* Controllers */ = {
			isa = PBXGroup;
			children = (
				A13E01142A76CF3A009F495E /* RunesController.swift */,
				A1F011782A863BEB00CDEC20 /* MenuController.swift */,
				A1F0117E2A8659D500CDEC20 /* RunePoemsController.swift */,
			);
			path = Controllers;
			sourceTree = "<group>";
		};
		A153C7492A7980F600B055B1 /* WatchApp */ = {
			isa = PBXGroup;
			children = (
				A153C74A2A7980F600B055B1 /* RunatalWatchOsApp.swift */,
				A153C74C2A7980F600B055B1 /* RunesListWatchView.swift */,
				A153C74E2A7980F700B055B1 /* Assets.xcassets */,
			);
			path = WatchApp;
			sourceTree = "<group>";
		};
		A1723C512A88E03800F4DAFD /* Poems */ = {
			isa = PBXGroup;
			children = (
				A1F011812A865C7A00CDEC20 /* RunePoemView.swift */,
				A1723C4F2A88D6A800F4DAFD /* RunePoemStrophesView.swift */,
				A1723C532A88E06600F4DAFD /* RunePoemStropheView.swift */,
				A1723C552A88E5C800F4DAFD /* RunePoemStropheNotesView.swift */,
			);
			path = Poems;
			sourceTree = "<group>";
		};
		A1723C522A88E03F00F4DAFD /* Runes */ = {
			isa = PBXGroup;
			children = (
				A14E27C62A8197FD00DAC15E /* RuneStropheNotesView.swift */,
				A13E01182A76DDA0009F495E /* RuneDetailView.swift */,
				A14E27B92A80590300DAC15E /* RuneStrophesView.swift */,
				A14E27BB2A805BCD00DAC15E /* RuneStropheView.swift */,
			);
			path = Runes;
			sourceTree = "<group>";
		};
		A199F6112A7FEDF700168F01 /* Utils */ = {
			isa = PBXGroup;
			children = (
				A199F6122A7FEE0600168F01 /* DataMigration.swift */,
			);
			path = Utils;
			sourceTree = "<group>";
		};
		A1EF26732A77ADBF00BA9F69 /* Tests */ = {
			isa = PBXGroup;
			children = (
				A1EF26812A77AE1500BA9F69 /* UnitTests */,
			);
			path = Tests;
			sourceTree = "<group>";
		};
		A1EF26812A77AE1500BA9F69 /* UnitTests */ = {
			isa = PBXGroup;
			children = (
				A1EF267A2A77ADE600BA9F69 /* RunesControllerTests.swift */,
				A1EF26842A77B03D00BA9F69 /* Runatal.xctestplan */,
				A14E27C92A82381700DAC15E /* TranslationUnitTests.swift */,
			);
			path = UnitTests;
			sourceTree = "<group>";
		};
/* End PBXGroup section */

/* Begin PBXNativeTarget section */
		A13E00DC2A76BED6009F495E /* Runatal */ = {
			isa = PBXNativeTarget;
			buildConfigurationList = A13E01022A76BED7009F495E /* Build configuration list for PBXNativeTarget "Runatal" */;
			buildPhases = (
				A13E00D92A76BED6009F495E /* Sources */,
				A13E00DA2A76BED6009F495E /* Frameworks */,
				A13E00DB2A76BED6009F495E /* Resources */,
				A153C73B2A797FD400B055B1 /* Embed Watch Content */,
			);
			buildRules = (
			);
			dependencies = (
				A153C7542A7980F700B055B1 /* PBXTargetDependency */,
			);
			name = Runatal;
			productName = Runatal;
			productReference = A13E00DD2A76BED6009F495E /* Runatal.app */;
			productType = "com.apple.product-type.application";
		};
		A153C7472A7980F600B055B1 /* RunatalWatchOs Watch App */ = {
			isa = PBXNativeTarget;
			buildConfigurationList = A153C7562A7980F700B055B1 /* Build configuration list for PBXNativeTarget "RunatalWatchOs Watch App" */;
			buildPhases = (
				A153C7442A7980F600B055B1 /* Sources */,
				A153C7452A7980F600B055B1 /* Frameworks */,
				A153C7462A7980F600B055B1 /* Resources */,
			);
			buildRules = (
			);
			dependencies = (
			);
			name = "RunatalWatchOs Watch App";
			productName = "RunatalWatchOs Watch App";
			productReference = A153C7482A7980F600B055B1 /* RunatalWatchOs Watch App.app */;
			productType = "com.apple.product-type.application";
		};
		A1EF26772A77ADE600BA9F69 /* RunatalTests */ = {
			isa = PBXNativeTarget;
			buildConfigurationList = A1EF267E2A77ADE600BA9F69 /* Build configuration list for PBXNativeTarget "RunatalTests" */;
			buildPhases = (
				A1EF26742A77ADE600BA9F69 /* Sources */,
				A1EF26752A77ADE600BA9F69 /* Frameworks */,
				A1EF26762A77ADE600BA9F69 /* Resources */,
			);
			buildRules = (
			);
			dependencies = (
				A1EF267D2A77ADE600BA9F69 /* PBXTargetDependency */,
			);
			name = RunatalTests;
			productName = RunatalTests;
			productReference = A1EF26782A77ADE600BA9F69 /* RunatalTests.xctest */;
			productType = "com.apple.product-type.bundle.unit-test";
		};
/* End PBXNativeTarget section */

/* Begin PBXProject section */
		A13E00D52A76BED6009F495E /* Project object */ = {
			isa = PBXProject;
			attributes = {
				BuildIndependentTargetsInParallel = 1;
				LastSwiftUpdateCheck = 1430;
				LastUpgradeCheck = 1430;
				TargetAttributes = {
					A13E00DC2A76BED6009F495E = {
						CreatedOnToolsVersion = 14.3.1;
					};
					A153C7472A7980F600B055B1 = {
						CreatedOnToolsVersion = 14.3.1;
					};
					A1EF26772A77ADE600BA9F69 = {
						CreatedOnToolsVersion = 14.3.1;
						TestTargetID = A13E00DC2A76BED6009F495E;
					};
				};
			};
			buildConfigurationList = A13E00D82A76BED6009F495E /* Build configuration list for PBXProject "Runatal" */;
			compatibilityVersion = "Xcode 14.0";
			developmentRegion = en;
			hasScannedForEncodings = 0;
			knownRegions = (
				en,
				Base,
			);
			mainGroup = A13E00D42A76BED6009F495E;
			productRefGroup = A13E00DE2A76BED6009F495E /* Products */;
			projectDirPath = "";
			projectRoot = "";
			targets = (
				A13E00DC2A76BED6009F495E /* Runatal */,
				A1EF26772A77ADE600BA9F69 /* RunatalTests */,
				A153C7472A7980F600B055B1 /* RunatalWatchOs Watch App */,
			);
		};
/* End PBXProject section */

/* Begin PBXResourcesBuildPhase section */
		A13E00DB2A76BED6009F495E /* Resources */ = {
			isa = PBXResourcesBuildPhase;
			buildActionMask = 2147483647;
			files = (
				A1EF26882A78442200BA9F69 /* PrivacyPolicy.md in Resources */,
				A13E01112A76CD1D009F495E /* ElderFuthark.json in Resources */,
				A1EF26C02A79649100BA9F69 /* README.md in Resources */,
				A199F61C2A802CC600168F01 /* RunePoems.json in Resources */,
				A13E00E52A76BED7009F495E /* Assets.xcassets in Resources */,
			);
			runOnlyForDeploymentPostprocessing = 0;
		};
		A153C7462A7980F600B055B1 /* Resources */ = {
			isa = PBXResourcesBuildPhase;
			buildActionMask = 2147483647;
			files = (
				A199F61D2A802CC600168F01 /* RunePoems.json in Resources */,
				A153C7592A7981A600B055B1 /* ElderFuthark.json in Resources */,
				A153C74F2A7980F700B055B1 /* Assets.xcassets in Resources */,
			);
			runOnlyForDeploymentPostprocessing = 0;
		};
		A1EF26762A77ADE600BA9F69 /* Resources */ = {
			isa = PBXResourcesBuildPhase;
			buildActionMask = 2147483647;
			files = (
			);
			runOnlyForDeploymentPostprocessing = 0;
		};
/* End PBXResourcesBuildPhase section */

/* Begin PBXSourcesBuildPhase section */
		A13E00D92A76BED6009F495E /* Sources */ = {
			isa = PBXSourcesBuildPhase;
			buildActionMask = 2147483647;
			files = (
				A199F6192A80199000168F01 /* Strophe.swift in Sources */,
				A199F60B2A7FD6A100168F01 /* RunatalModel.xcdatamodeld in Sources */,
				A14E27BC2A805BCD00DAC15E /* RuneStropheView.swift in Sources */,
				A13E01152A76CF3A009F495E /* RunesController.swift in Sources */,
				A14E27C42A812F1100DAC15E /* Note.swift in Sources */,
				A1723C562A88E5C800F4DAFD /* RunePoemStropheNotesView.swift in Sources */,
				A1F011772A862F1C00CDEC20 /* MenuView.swift in Sources */,
				A13E011B2A76E73F009F495E /* RunePoem.swift in Sources */,
				A13E00E12A76BED6009F495E /* RunatalApp.swift in Sources */,
				A1F011822A865C7A00CDEC20 /* RunePoemView.swift in Sources */,
				A1F011792A863BEB00CDEC20 /* MenuController.swift in Sources */,
				A1723C502A88D6A800F4DAFD /* RunePoemStrophesView.swift in Sources */,
				A1F0117F2A8659D500CDEC20 /* RunePoemsController.swift in Sources */,
				A13E01172A76CF41009F495E /* Rune.swift in Sources */,
				A13E01192A76DDA0009F495E /* RuneDetailView.swift in Sources */,
				A199F6162A7FEEC400168F01 /* CoreDataManager.swift in Sources */,
				A14E27C12A812BC000DAC15E /* Translation.swift in Sources */,
				A14E27BA2A80590300DAC15E /* RuneStrophesView.swift in Sources */,
				A199F6132A7FEE0600168F01 /* DataMigration.swift in Sources */,
				A14E27C72A8197FD00DAC15E /* RuneStropheNotesView.swift in Sources */,
				A1723C542A88E06600F4DAFD /* RunePoemStropheView.swift in Sources */,
			);
			runOnlyForDeploymentPostprocessing = 0;
		};
		A153C7442A7980F600B055B1 /* Sources */ = {
			isa = PBXSourcesBuildPhase;
			buildActionMask = 2147483647;
			files = (
				A153C74D2A7980F600B055B1 /* RunesListWatchView.swift in Sources */,
				A199F60C2A7FD6A100168F01 /* RunatalModel.xcdatamodeld in Sources */,
				A153C74B2A7980F600B055B1 /* RunatalWatchOsApp.swift in Sources */,
				A153C75A2A7981AB00B055B1 /* RunePoem.swift in Sources */,
				A153C75C2A7981AD00B055B1 /* RunesController.swift in Sources */,
				A199F6142A7FEE0600168F01 /* DataMigration.swift in Sources */,
				A199F6172A7FEEC400168F01 /* CoreDataManager.swift in Sources */,
				A14E27C52A812F1100DAC15E /* Note.swift in Sources */,
				A153C75B2A7981AB00B055B1 /* Rune.swift in Sources */,
				A199F61A2A80199000168F01 /* Strophe.swift in Sources */,
				A1F011802A8659D500CDEC20 /* RunePoemsController.swift in Sources */,
				A14E27C22A812BC000DAC15E /* Translation.swift in Sources */,
				A1F0117A2A863BEB00CDEC20 /* MenuController.swift in Sources */,
			);
			runOnlyForDeploymentPostprocessing = 0;
		};
		A1EF26742A77ADE600BA9F69 /* Sources */ = {
			isa = PBXSourcesBuildPhase;
			buildActionMask = 2147483647;
			files = (
				A1EF267B2A77ADE600BA9F69 /* RunesControllerTests.swift in Sources */,
				A14E27CA2A82381700DAC15E /* TranslationUnitTests.swift in Sources */,
			);
			runOnlyForDeploymentPostprocessing = 0;
		};
/* End PBXSourcesBuildPhase section */

/* Begin PBXTargetDependency section */
		A153C7542A7980F700B055B1 /* PBXTargetDependency */ = {
			isa = PBXTargetDependency;
			platformFilter = ios;
			target = A153C7472A7980F600B055B1 /* RunatalWatchOs Watch App */;
			targetProxy = A153C7532A7980F700B055B1 /* PBXContainerItemProxy */;
		};
		A1EF267D2A77ADE600BA9F69 /* PBXTargetDependency */ = {
			isa = PBXTargetDependency;
			target = A13E00DC2A76BED6009F495E /* Runatal */;
			targetProxy = A1EF267C2A77ADE600BA9F69 /* PBXContainerItemProxy */;
		};
/* End PBXTargetDependency section */

/* Begin XCBuildConfiguration section */
		A13E01002A76BED7009F495E /* Debug */ = {
			isa = XCBuildConfiguration;
			buildSettings = {
				ALWAYS_SEARCH_USER_PATHS = NO;
				CLANG_ANALYZER_NONNULL = YES;
				CLANG_ANALYZER_NUMBER_OBJECT_CONVERSION = YES_AGGRESSIVE;
				CLANG_CXX_LANGUAGE_STANDARD = "gnu++20";
				CLANG_ENABLE_MODULES = YES;
				CLANG_ENABLE_OBJC_ARC = YES;
				CLANG_ENABLE_OBJC_WEAK = YES;
				CLANG_WARN_BLOCK_CAPTURE_AUTORELEASING = YES;
				CLANG_WARN_BOOL_CONVERSION = YES;
				CLANG_WARN_COMMA = YES;
				CLANG_WARN_CONSTANT_CONVERSION = YES;
				CLANG_WARN_DEPRECATED_OBJC_IMPLEMENTATIONS = YES;
				CLANG_WARN_DIRECT_OBJC_ISA_USAGE = YES_ERROR;
				CLANG_WARN_DOCUMENTATION_COMMENTS = YES;
				CLANG_WARN_EMPTY_BODY = YES;
				CLANG_WARN_ENUM_CONVERSION = YES;
				CLANG_WARN_INFINITE_RECURSION = YES;
				CLANG_WARN_INT_CONVERSION = YES;
				CLANG_WARN_NON_LITERAL_NULL_CONVERSION = YES;
				CLANG_WARN_OBJC_IMPLICIT_RETAIN_SELF = YES;
				CLANG_WARN_OBJC_LITERAL_CONVERSION = YES;
				CLANG_WARN_OBJC_ROOT_CLASS = YES_ERROR;
				CLANG_WARN_QUOTED_INCLUDE_IN_FRAMEWORK_HEADER = YES;
				CLANG_WARN_RANGE_LOOP_ANALYSIS = YES;
				CLANG_WARN_STRICT_PROTOTYPES = YES;
				CLANG_WARN_SUSPICIOUS_MOVE = YES;
				CLANG_WARN_UNGUARDED_AVAILABILITY = YES_AGGRESSIVE;
				CLANG_WARN_UNREACHABLE_CODE = YES;
				CLANG_WARN__DUPLICATE_METHOD_MATCH = YES;
				COPY_PHASE_STRIP = NO;
				DEBUG_INFORMATION_FORMAT = dwarf;
				ENABLE_STRICT_OBJC_MSGSEND = YES;
				ENABLE_TESTABILITY = YES;
				GCC_C_LANGUAGE_STANDARD = gnu11;
				GCC_DYNAMIC_NO_PIC = NO;
				GCC_NO_COMMON_BLOCKS = YES;
				GCC_OPTIMIZATION_LEVEL = 0;
				GCC_PREPROCESSOR_DEFINITIONS = (
					"DEBUG=1",
					"$(inherited)",
				);
				GCC_WARN_64_TO_32_BIT_CONVERSION = YES;
				GCC_WARN_ABOUT_RETURN_TYPE = YES_ERROR;
				GCC_WARN_UNDECLARED_SELECTOR = YES;
				GCC_WARN_UNINITIALIZED_AUTOS = YES_AGGRESSIVE;
				GCC_WARN_UNUSED_FUNCTION = YES;
				GCC_WARN_UNUSED_VARIABLE = YES;
				MTL_ENABLE_DEBUG_INFO = INCLUDE_SOURCE;
				MTL_FAST_MATH = YES;
				ONLY_ACTIVE_ARCH = YES;
				SWIFT_ACTIVE_COMPILATION_CONDITIONS = DEBUG;
				SWIFT_OPTIMIZATION_LEVEL = "-Onone";
			};
			name = Debug;
		};
		A13E01012A76BED7009F495E /* Release */ = {
			isa = XCBuildConfiguration;
			buildSettings = {
				ALWAYS_SEARCH_USER_PATHS = NO;
				CLANG_ANALYZER_NONNULL = YES;
				CLANG_ANALYZER_NUMBER_OBJECT_CONVERSION = YES_AGGRESSIVE;
				CLANG_CXX_LANGUAGE_STANDARD = "gnu++20";
				CLANG_ENABLE_MODULES = YES;
				CLANG_ENABLE_OBJC_ARC = YES;
				CLANG_ENABLE_OBJC_WEAK = YES;
				CLANG_WARN_BLOCK_CAPTURE_AUTORELEASING = YES;
				CLANG_WARN_BOOL_CONVERSION = YES;
				CLANG_WARN_COMMA = YES;
				CLANG_WARN_CONSTANT_CONVERSION = YES;
				CLANG_WARN_DEPRECATED_OBJC_IMPLEMENTATIONS = YES;
				CLANG_WARN_DIRECT_OBJC_ISA_USAGE = YES_ERROR;
				CLANG_WARN_DOCUMENTATION_COMMENTS = YES;
				CLANG_WARN_EMPTY_BODY = YES;
				CLANG_WARN_ENUM_CONVERSION = YES;
				CLANG_WARN_INFINITE_RECURSION = YES;
				CLANG_WARN_INT_CONVERSION = YES;
				CLANG_WARN_NON_LITERAL_NULL_CONVERSION = YES;
				CLANG_WARN_OBJC_IMPLICIT_RETAIN_SELF = YES;
				CLANG_WARN_OBJC_LITERAL_CONVERSION = YES;
				CLANG_WARN_OBJC_ROOT_CLASS = YES_ERROR;
				CLANG_WARN_QUOTED_INCLUDE_IN_FRAMEWORK_HEADER = YES;
				CLANG_WARN_RANGE_LOOP_ANALYSIS = YES;
				CLANG_WARN_STRICT_PROTOTYPES = YES;
				CLANG_WARN_SUSPICIOUS_MOVE = YES;
				CLANG_WARN_UNGUARDED_AVAILABILITY = YES_AGGRESSIVE;
				CLANG_WARN_UNREACHABLE_CODE = YES;
				CLANG_WARN__DUPLICATE_METHOD_MATCH = YES;
				COPY_PHASE_STRIP = NO;
				DEBUG_INFORMATION_FORMAT = "dwarf-with-dsym";
				ENABLE_NS_ASSERTIONS = NO;
				ENABLE_STRICT_OBJC_MSGSEND = YES;
				GCC_C_LANGUAGE_STANDARD = gnu11;
				GCC_NO_COMMON_BLOCKS = YES;
				GCC_WARN_64_TO_32_BIT_CONVERSION = YES;
				GCC_WARN_ABOUT_RETURN_TYPE = YES_ERROR;
				GCC_WARN_UNDECLARED_SELECTOR = YES;
				GCC_WARN_UNINITIALIZED_AUTOS = YES_AGGRESSIVE;
				GCC_WARN_UNUSED_FUNCTION = YES;
				GCC_WARN_UNUSED_VARIABLE = YES;
				MTL_ENABLE_DEBUG_INFO = NO;
				MTL_FAST_MATH = YES;
				SWIFT_COMPILATION_MODE = wholemodule;
				SWIFT_OPTIMIZATION_LEVEL = "-O";
			};
			name = Release;
		};
		A13E01032A76BED7009F495E /* Debug */ = {
			isa = XCBuildConfiguration;
			buildSettings = {
				ALWAYS_EMBED_SWIFT_STANDARD_LIBRARIES = YES;
				ASSETCATALOG_COMPILER_APPICON_NAME = AppIcon;
				ASSETCATALOG_COMPILER_GLOBAL_ACCENT_COLOR_NAME = AccentColor;
				CODE_SIGN_ENTITLEMENTS = Source/Runatal.entitlements;
				CODE_SIGN_STYLE = Automatic;
				CURRENT_PROJECT_VERSION = 2;
				DEVELOPMENT_ASSET_PATHS = "";
				DEVELOPMENT_TEAM = 4V482C5WA8;
				ENABLE_HARDENED_RUNTIME = YES;
				ENABLE_PREVIEWS = YES;
				GENERATE_INFOPLIST_FILE = YES;
				INFOPLIST_KEY_CFBundleDisplayName = "Rúnatal";
				INFOPLIST_KEY_LSApplicationCategoryType = "public.app-category.education";
				"INFOPLIST_KEY_UIApplicationSceneManifest_Generation[sdk=iphoneos*]" = YES;
				"INFOPLIST_KEY_UIApplicationSceneManifest_Generation[sdk=iphonesimulator*]" = YES;
				"INFOPLIST_KEY_UIApplicationSupportsIndirectInputEvents[sdk=iphoneos*]" = YES;
				"INFOPLIST_KEY_UIApplicationSupportsIndirectInputEvents[sdk=iphonesimulator*]" = YES;
				"INFOPLIST_KEY_UILaunchScreen_Generation[sdk=iphoneos*]" = YES;
				"INFOPLIST_KEY_UILaunchScreen_Generation[sdk=iphonesimulator*]" = YES;
				"INFOPLIST_KEY_UIStatusBarStyle[sdk=iphoneos*]" = UIStatusBarStyleDefault;
				"INFOPLIST_KEY_UIStatusBarStyle[sdk=iphonesimulator*]" = UIStatusBarStyleDefault;
				INFOPLIST_KEY_UISupportedInterfaceOrientations_iPad = "UIInterfaceOrientationPortrait UIInterfaceOrientationPortraitUpsideDown UIInterfaceOrientationLandscapeLeft UIInterfaceOrientationLandscapeRight";
				INFOPLIST_KEY_UISupportedInterfaceOrientations_iPhone = "UIInterfaceOrientationPortrait UIInterfaceOrientationLandscapeLeft UIInterfaceOrientationLandscapeRight";
				IPHONEOS_DEPLOYMENT_TARGET = 16.4;
				LD_RUNPATH_SEARCH_PATHS = "@executable_path/Frameworks";
				"LD_RUNPATH_SEARCH_PATHS[sdk=macosx*]" = "@executable_path/../Frameworks";
				MACOSX_DEPLOYMENT_TARGET = 13.3;
				MARKETING_VERSION = 1.1.4;
				PRODUCT_BUNDLE_IDENTIFIER = Andskur.Runatal;
				PRODUCT_NAME = "$(TARGET_NAME)";
				SDKROOT = auto;
				SUPPORTED_PLATFORMS = "iphoneos iphonesimulator macosx";
				SWIFT_EMIT_LOC_STRINGS = YES;
				SWIFT_VERSION = 5.0;
				TARGETED_DEVICE_FAMILY = "1,2";
			};
			name = Debug;
		};
		A13E01042A76BED7009F495E /* Release */ = {
			isa = XCBuildConfiguration;
			buildSettings = {
				ALWAYS_EMBED_SWIFT_STANDARD_LIBRARIES = YES;
				ASSETCATALOG_COMPILER_APPICON_NAME = AppIcon;
				ASSETCATALOG_COMPILER_GLOBAL_ACCENT_COLOR_NAME = AccentColor;
				CODE_SIGN_ENTITLEMENTS = Source/Runatal.entitlements;
				CODE_SIGN_STYLE = Automatic;
				CURRENT_PROJECT_VERSION = 2;
				DEVELOPMENT_ASSET_PATHS = "";
				DEVELOPMENT_TEAM = 4V482C5WA8;
				ENABLE_HARDENED_RUNTIME = YES;
				ENABLE_PREVIEWS = YES;
				GENERATE_INFOPLIST_FILE = YES;
				INFOPLIST_KEY_CFBundleDisplayName = "Rúnatal";
				INFOPLIST_KEY_LSApplicationCategoryType = "public.app-category.education";
				"INFOPLIST_KEY_UIApplicationSceneManifest_Generation[sdk=iphoneos*]" = YES;
				"INFOPLIST_KEY_UIApplicationSceneManifest_Generation[sdk=iphonesimulator*]" = YES;
				"INFOPLIST_KEY_UIApplicationSupportsIndirectInputEvents[sdk=iphoneos*]" = YES;
				"INFOPLIST_KEY_UIApplicationSupportsIndirectInputEvents[sdk=iphonesimulator*]" = YES;
				"INFOPLIST_KEY_UILaunchScreen_Generation[sdk=iphoneos*]" = YES;
				"INFOPLIST_KEY_UILaunchScreen_Generation[sdk=iphonesimulator*]" = YES;
				"INFOPLIST_KEY_UIStatusBarStyle[sdk=iphoneos*]" = UIStatusBarStyleDefault;
				"INFOPLIST_KEY_UIStatusBarStyle[sdk=iphonesimulator*]" = UIStatusBarStyleDefault;
				INFOPLIST_KEY_UISupportedInterfaceOrientations_iPad = "UIInterfaceOrientationPortrait UIInterfaceOrientationPortraitUpsideDown UIInterfaceOrientationLandscapeLeft UIInterfaceOrientationLandscapeRight";
				INFOPLIST_KEY_UISupportedInterfaceOrientations_iPhone = "UIInterfaceOrientationPortrait UIInterfaceOrientationLandscapeLeft UIInterfaceOrientationLandscapeRight";
				IPHONEOS_DEPLOYMENT_TARGET = 16.4;
				LD_RUNPATH_SEARCH_PATHS = "@executable_path/Frameworks";
				"LD_RUNPATH_SEARCH_PATHS[sdk=macosx*]" = "@executable_path/../Frameworks";
				MACOSX_DEPLOYMENT_TARGET = 13.3;
				MARKETING_VERSION = 1.1.4;
				PRODUCT_BUNDLE_IDENTIFIER = Andskur.Runatal;
				PRODUCT_NAME = "$(TARGET_NAME)";
				SDKROOT = auto;
				SUPPORTED_PLATFORMS = "iphoneos iphonesimulator macosx";
				SWIFT_EMIT_LOC_STRINGS = YES;
				SWIFT_VERSION = 5.0;
				TARGETED_DEVICE_FAMILY = "1,2";
			};
			name = Release;
		};
		A153C7572A7980F700B055B1 /* Debug */ = {
			isa = XCBuildConfiguration;
			buildSettings = {
				ASSETCATALOG_COMPILER_APPICON_NAME = AppIcon;
				ASSETCATALOG_COMPILER_GLOBAL_ACCENT_COLOR_NAME = AccentColor;
				CODE_SIGN_STYLE = Automatic;
				CURRENT_PROJECT_VERSION = 2;
				DEVELOPMENT_ASSET_PATHS = "";
				DEVELOPMENT_TEAM = 4V482C5WA8;
				ENABLE_PREVIEWS = YES;
				GENERATE_INFOPLIST_FILE = YES;
				INFOPLIST_KEY_CFBundleDisplayName = RunatalWatchOs;
				INFOPLIST_KEY_UISupportedInterfaceOrientations = "UIInterfaceOrientationPortrait UIInterfaceOrientationPortraitUpsideDown";
				INFOPLIST_KEY_WKCompanionAppBundleIdentifier = Andskur.Runatal;
				LD_RUNPATH_SEARCH_PATHS = (
					"$(inherited)",
					"@executable_path/Frameworks",
				);
				MARKETING_VERSION = 1.1.4;
				PRODUCT_BUNDLE_IDENTIFIER = Andskur.Runatal.watchkitapp;
				PRODUCT_NAME = "$(TARGET_NAME)";
				SDKROOT = watchos;
				SKIP_INSTALL = YES;
				SWIFT_EMIT_LOC_STRINGS = YES;
				SWIFT_VERSION = 5.0;
				TARGETED_DEVICE_FAMILY = 4;
				WATCHOS_DEPLOYMENT_TARGET = 9.4;
			};
			name = Debug;
		};
		A153C7582A7980F700B055B1 /* Release */ = {
			isa = XCBuildConfiguration;
			buildSettings = {
				ASSETCATALOG_COMPILER_APPICON_NAME = AppIcon;
				ASSETCATALOG_COMPILER_GLOBAL_ACCENT_COLOR_NAME = AccentColor;
				CODE_SIGN_STYLE = Automatic;
				CURRENT_PROJECT_VERSION = 2;
				DEVELOPMENT_ASSET_PATHS = "";
				DEVELOPMENT_TEAM = 4V482C5WA8;
				ENABLE_PREVIEWS = YES;
				GENERATE_INFOPLIST_FILE = YES;
				INFOPLIST_KEY_CFBundleDisplayName = RunatalWatchOs;
				INFOPLIST_KEY_UISupportedInterfaceOrientations = "UIInterfaceOrientationPortrait UIInterfaceOrientationPortraitUpsideDown";
				INFOPLIST_KEY_WKCompanionAppBundleIdentifier = Andskur.Runatal;
				LD_RUNPATH_SEARCH_PATHS = (
					"$(inherited)",
					"@executable_path/Frameworks",
				);
				MARKETING_VERSION = 1.1.4;
				PRODUCT_BUNDLE_IDENTIFIER = Andskur.Runatal.watchkitapp;
				PRODUCT_NAME = "$(TARGET_NAME)";
				SDKROOT = watchos;
				SKIP_INSTALL = YES;
				SWIFT_EMIT_LOC_STRINGS = YES;
				SWIFT_VERSION = 5.0;
				TARGETED_DEVICE_FAMILY = 4;
				VALIDATE_PRODUCT = YES;
				WATCHOS_DEPLOYMENT_TARGET = 9.4;
			};
			name = Release;
		};
		A1EF267F2A77ADE600BA9F69 /* Debug */ = {
			isa = XCBuildConfiguration;
			buildSettings = {
				BUNDLE_LOADER = "$(TEST_HOST)";
				CODE_SIGN_STYLE = Automatic;
				CURRENT_PROJECT_VERSION = 1;
				DEVELOPMENT_TEAM = 4V482C5WA8;
				GENERATE_INFOPLIST_FILE = YES;
				IPHONEOS_DEPLOYMENT_TARGET = 16.4;
				MACOSX_DEPLOYMENT_TARGET = 13.3;
				MARKETING_VERSION = 1.0;
				PRODUCT_BUNDLE_IDENTIFIER = Andskur.RunatalTests;
				PRODUCT_NAME = "$(TARGET_NAME)";
				SDKROOT = auto;
				SUPPORTED_PLATFORMS = "iphoneos iphonesimulator macosx";
				SWIFT_EMIT_LOC_STRINGS = NO;
				SWIFT_VERSION = 5.0;
				TARGETED_DEVICE_FAMILY = "1,2";
				TEST_HOST = "$(BUILT_PRODUCTS_DIR)/Runatal.app/$(BUNDLE_EXECUTABLE_FOLDER_PATH)/Runatal";
			};
			name = Debug;
		};
		A1EF26802A77ADE600BA9F69 /* Release */ = {
			isa = XCBuildConfiguration;
			buildSettings = {
				BUNDLE_LOADER = "$(TEST_HOST)";
				CODE_SIGN_STYLE = Automatic;
				CURRENT_PROJECT_VERSION = 1;
				DEVELOPMENT_TEAM = 4V482C5WA8;
				GENERATE_INFOPLIST_FILE = YES;
				IPHONEOS_DEPLOYMENT_TARGET = 16.4;
				MACOSX_DEPLOYMENT_TARGET = 13.3;
				MARKETING_VERSION = 1.0;
				PRODUCT_BUNDLE_IDENTIFIER = Andskur.RunatalTests;
				PRODUCT_NAME = "$(TARGET_NAME)";
				SDKROOT = auto;
				SUPPORTED_PLATFORMS = "iphoneos iphonesimulator macosx";
				SWIFT_EMIT_LOC_STRINGS = NO;
				SWIFT_VERSION = 5.0;
				TARGETED_DEVICE_FAMILY = "1,2";
				TEST_HOST = "$(BUILT_PRODUCTS_DIR)/Runatal.app/$(BUNDLE_EXECUTABLE_FOLDER_PATH)/Runatal";
			};
			name = Release;
		};
/* End XCBuildConfiguration section */

/* Begin XCConfigurationList section */
		A13E00D82A76BED6009F495E /* Build configuration list for PBXProject "Runatal" */ = {
			isa = XCConfigurationList;
			buildConfigurations = (
				A13E01002A76BED7009F495E /* Debug */,
				A13E01012A76BED7009F495E /* Release */,
			);
			defaultConfigurationIsVisible = 0;
			defaultConfigurationName = Release;
		};
		A13E01022A76BED7009F495E /* Build configuration list for PBXNativeTarget "Runatal" */ = {
			isa = XCConfigurationList;
			buildConfigurations = (
				A13E01032A76BED7009F495E /* Debug */,
				A13E01042A76BED7009F495E /* Release */,
			);
			defaultConfigurationIsVisible = 0;
			defaultConfigurationName = Release;
		};
		A153C7562A7980F700B055B1 /* Build configuration list for PBXNativeTarget "RunatalWatchOs Watch App" */ = {
			isa = XCConfigurationList;
			buildConfigurations = (
				A153C7572A7980F700B055B1 /* Debug */,
				A153C7582A7980F700B055B1 /* Release */,
			);
			defaultConfigurationIsVisible = 0;
			defaultConfigurationName = Release;
		};
		A1EF267E2A77ADE600BA9F69 /* Build configuration list for PBXNativeTarget "RunatalTests" */ = {
			isa = XCConfigurationList;
			buildConfigurations = (
				A1EF267F2A77ADE600BA9F69 /* Debug */,
				A1EF26802A77ADE600BA9F69 /* Release */,
			);
			defaultConfigurationIsVisible = 0;
			defaultConfigurationName = Release;
		};
/* End XCConfigurationList section */

/* Begin XCVersionGroup section */
		A199F6092A7FD6A100168F01 /* RunatalModel.xcdatamodeld */ = {
			isa = XCVersionGroup;
			children = (
				A199F60A2A7FD6A100168F01 /* RunatalModel.xcdatamodel */,
			);
			currentVersion = A199F60A2A7FD6A100168F01 /* RunatalModel.xcdatamodel */;
			name = RunatalModel.xcdatamodeld;
			path = DB/RunatalModel.xcdatamodeld;
			sourceTree = "<group>";
			versionGroupType = wrapper.xcdatamodel;
		};
/* End XCVersionGroup section */
	};
	rootObject = A13E00D52A76BED6009F495E /* Project object */;
}
