// !$*UTF8*$!
{
	archiveVersion = 1;
	classes = {
	};
	objectVersion = 56;
	objects = {

/* Begin PBXBuildFile section */
		A13E00E12A76BED6009F495E /* RunatalApp.swift in Sources */ = {isa = PBXBuildFile; fileRef = A13E00E02A76BED6009F495E /* RunatalApp.swift */; };
		A13E00E32A76BED6009F495E /* ContentView.swift in Sources */ = {isa = PBXBuildFile; fileRef = A13E00E22A76BED6009F495E /* ContentView.swift */; };
		A13E00E52A76BED7009F495E /* Assets.xcassets in Resources */ = {isa = PBXBuildFile; fileRef = A13E00E42A76BED7009F495E /* Assets.xcassets */; };
		A13E00E92A76BED7009F495E /* Preview Assets.xcassets in Resources */ = {isa = PBXBuildFile; fileRef = A13E00E82A76BED7009F495E /* Preview Assets.xcassets */; };
		A13E00F32A76BED7009F495E /* RunatalTests.swift in Sources */ = {isa = PBXBuildFile; fileRef = A13E00F22A76BED7009F495E /* RunatalTests.swift */; };
		A13E00FD2A76BED7009F495E /* RunatalUITests.swift in Sources */ = {isa = PBXBuildFile; fileRef = A13E00FC2A76BED7009F495E /* RunatalUITests.swift */; };
		A13E00FF2A76BED7009F495E /* RunatalUITestsLaunchTests.swift in Sources */ = {isa = PBXBuildFile; fileRef = A13E00FE2A76BED7009F495E /* RunatalUITestsLaunchTests.swift */; };
/* End PBXBuildFile section */

/* Begin PBXContainerItemProxy section */
		A13E00EF2A76BED7009F495E /* PBXContainerItemProxy */ = {
			isa = PBXContainerItemProxy;
			containerPortal = A13E00D52A76BED6009F495E /* Project object */;
			proxyType = 1;
			remoteGlobalIDString = A13E00DC2A76BED6009F495E;
			remoteInfo = Runatal;
		};
		A13E00F92A76BED7009F495E /* PBXContainerItemProxy */ = {
			isa = PBXContainerItemProxy;
			containerPortal = A13E00D52A76BED6009F495E /* Project object */;
			proxyType = 1;
			remoteGlobalIDString = A13E00DC2A76BED6009F495E;
			remoteInfo = Runatal;
		};
/* End PBXContainerItemProxy section */

/* Begin PBXFileReference section */
		A13E00DD2A76BED6009F495E /* Runatal.app */ = {isa = PBXFileReference; explicitFileType = wrapper.application; includeInIndex = 0; path = Runatal.app; sourceTree = BUILT_PRODUCTS_DIR; };
		A13E00E02A76BED6009F495E /* RunatalApp.swift */ = {isa = PBXFileReference; lastKnownFileType = sourcecode.swift; path = RunatalApp.swift; sourceTree = "<group>"; };
		A13E00E22A76BED6009F495E /* ContentView.swift */ = {isa = PBXFileReference; lastKnownFileType = sourcecode.swift; path = ContentView.swift; sourceTree = "<group>"; };
		A13E00E42A76BED7009F495E /* Assets.xcassets */ = {isa = PBXFileReference; lastKnownFileType = folder.assetcatalog; path = Assets.xcassets; sourceTree = "<group>"; };
		A13E00E62A76BED7009F495E /* Runatal.entitlements */ = {isa = PBXFileReference; lastKnownFileType = text.plist.entitlements; path = Runatal.entitlements; sourceTree = "<group>"; };
		A13E00E82A76BED7009F495E /* Preview Assets.xcassets */ = {isa = PBXFileReference; lastKnownFileType = folder.assetcatalog; path = "Preview Assets.xcassets"; sourceTree = "<group>"; };
		A13E00EE2A76BED7009F495E /* RunatalTests.xctest */ = {isa = PBXFileReference; explicitFileType = wrapper.cfbundle; includeInIndex = 0; path = RunatalTests.xctest; sourceTree = BUILT_PRODUCTS_DIR; };
		A13E00F22A76BED7009F495E /* RunatalTests.swift */ = {isa = PBXFileReference; lastKnownFileType = sourcecode.swift; path = RunatalTests.swift; sourceTree = "<group>"; };
		A13E00F82A76BED7009F495E /* RunatalUITests.xctest */ = {isa = PBXFileReference; explicitFileType = wrapper.cfbundle; includeInIndex = 0; path = RunatalUITests.xctest; sourceTree = BUILT_PRODUCTS_DIR; };
		A13E00FC2A76BED7009F495E /* RunatalUITests.swift */ = {isa = PBXFileReference; lastKnownFileType = sourcecode.swift; path = RunatalUITests.swift; sourceTree = "<group>"; };
		A13E00FE2A76BED7009F495E /* RunatalUITestsLaunchTests.swift */ = {isa = PBXFileReference; lastKnownFileType = sourcecode.swift; path = RunatalUITestsLaunchTests.swift; sourceTree = "<group>"; };
/* End PBXFileReference section */

/* Begin PBXFrameworksBuildPhase section */
		A13E00DA2A76BED6009F495E /* Frameworks */ = {
			isa = PBXFrameworksBuildPhase;
			buildActionMask = 2147483647;
			files = (
			);
			runOnlyForDeploymentPostprocessing = 0;
		};
		A13E00EB2A76BED7009F495E /* Frameworks */ = {
			isa = PBXFrameworksBuildPhase;
			buildActionMask = 2147483647;
			files = (
			);
			runOnlyForDeploymentPostprocessing = 0;
		};
		A13E00F52A76BED7009F495E /* Frameworks */ = {
			isa = PBXFrameworksBuildPhase;
			buildActionMask = 2147483647;
			files = (
			);
			runOnlyForDeploymentPostprocessing = 0;
		};
/* End PBXFrameworksBuildPhase section */

/* Begin PBXGroup section */
		A13E00D42A76BED6009F495E = {
			isa = PBXGroup;
			children = (
				A13E00DF2A76BED6009F495E /* Runatal */,
				A13E00F12A76BED7009F495E /* RunatalTests */,
				A13E00FB2A76BED7009F495E /* RunatalUITests */,
				A13E00DE2A76BED6009F495E /* Products */,
			);
			sourceTree = "<group>";
		};
		A13E00DE2A76BED6009F495E /* Products */ = {
			isa = PBXGroup;
			children = (
				A13E00DD2A76BED6009F495E /* Runatal.app */,
				A13E00EE2A76BED7009F495E /* RunatalTests.xctest */,
				A13E00F82A76BED7009F495E /* RunatalUITests.xctest */,
			);
			name = Products;
			sourceTree = "<group>";
		};
		A13E00DF2A76BED6009F495E /* Runatal */ = {
			isa = PBXGroup;
			children = (
				A13E00E02A76BED6009F495E /* RunatalApp.swift */,
				A13E00E22A76BED6009F495E /* ContentView.swift */,
				A13E00E42A76BED7009F495E /* Assets.xcassets */,
				A13E00E62A76BED7009F495E /* Runatal.entitlements */,
				A13E00E72A76BED7009F495E /* Preview Content */,
			);
			path = Runatal;
			sourceTree = "<group>";
		};
		A13E00E72A76BED7009F495E /* Preview Content */ = {
			isa = PBXGroup;
			children = (
				A13E00E82A76BED7009F495E /* Preview Assets.xcassets */,
			);
			path = "Preview Content";
			sourceTree = "<group>";
		};
		A13E00F12A76BED7009F495E /* RunatalTests */ = {
			isa = PBXGroup;
			children = (
				A13E00F22A76BED7009F495E /* RunatalTests.swift */,
			);
			path = RunatalTests;
			sourceTree = "<group>";
		};
		A13E00FB2A76BED7009F495E /* RunatalUITests */ = {
			isa = PBXGroup;
			children = (
				A13E00FC2A76BED7009F495E /* RunatalUITests.swift */,
				A13E00FE2A76BED7009F495E /* RunatalUITestsLaunchTests.swift */,
			);
			path = RunatalUITests;
			sourceTree = "<group>";
		};
/* End PBXGroup section */

/* Begin PBXNativeTarget section */
		A13E00DC2A76BED6009F495E /* Runatal */ = {
			isa = PBXNativeTarget;
			buildConfigurationList = A13E01022A76BED7009F495E /* Build configuration list for PBXNativeTarget "Runatal" */;
			buildPhases = (
				A13E00D92A76BED6009F495E /* Sources */,
				A13E00DA2A76BED6009F495E /* Frameworks */,
				A13E00DB2A76BED6009F495E /* Resources */,
			);
			buildRules = (
			);
			dependencies = (
			);
			name = Runatal;
			productName = Runatal;
			productReference = A13E00DD2A76BED6009F495E /* Runatal.app */;
			productType = "com.apple.product-type.application";
		};
		A13E00ED2A76BED7009F495E /* RunatalTests */ = {
			isa = PBXNativeTarget;
			buildConfigurationList = A13E01052A76BED7009F495E /* Build configuration list for PBXNativeTarget "RunatalTests" */;
			buildPhases = (
				A13E00EA2A76BED7009F495E /* Sources */,
				A13E00EB2A76BED7009F495E /* Frameworks */,
				A13E00EC2A76BED7009F495E /* Resources */,
			);
			buildRules = (
			);
			dependencies = (
				A13E00F02A76BED7009F495E /* PBXTargetDependency */,
			);
			name = RunatalTests;
			productName = RunatalTests;
			productReference = A13E00EE2A76BED7009F495E /* RunatalTests.xctest */;
			productType = "com.apple.product-type.bundle.unit-test";
		};
		A13E00F72A76BED7009F495E /* RunatalUITests */ = {
			isa = PBXNativeTarget;
			buildConfigurationList = A13E01082A76BED7009F495E /* Build configuration list for PBXNativeTarget "RunatalUITests" */;
			buildPhases = (
				A13E00F42A76BED7009F495E /* Sources */,
				A13E00F52A76BED7009F495E /* Frameworks */,
				A13E00F62A76BED7009F495E /* Resources */,
			);
			buildRules = (
			);
			dependencies = (
				A13E00FA2A76BED7009F495E /* PBXTargetDependency */,
			);
			name = RunatalUITests;
			productName = RunatalUITests;
			productReference = A13E00F82A76BED7009F495E /* RunatalUITests.xctest */;
			productType = "com.apple.product-type.bundle.ui-testing";
		};
/* End PBXNativeTarget section */

/* Begin PBXProject section */
		A13E00D52A76BED6009F495E /* Project object */ = {
			isa = PBXProject;
			attributes = {
				BuildIndependentTargetsInParallel = 1;
				LastSwiftUpdateCheck = 1430;
				LastUpgradeCheck = 1430;
				TargetAttributes = {
					A13E00DC2A76BED6009F495E = {
						CreatedOnToolsVersion = 14.3.1;
					};
					A13E00ED2A76BED7009F495E = {
						CreatedOnToolsVersion = 14.3.1;
						TestTargetID = A13E00DC2A76BED6009F495E;
					};
					A13E00F72A76BED7009F495E = {
						CreatedOnToolsVersion = 14.3.1;
						TestTargetID = A13E00DC2A76BED6009F495E;
					};
				};
			};
			buildConfigurationList = A13E00D82A76BED6009F495E /* Build configuration list for PBXProject "Runatal" */;
			compatibilityVersion = "Xcode 14.0";
			developmentRegion = en;
			hasScannedForEncodings = 0;
			knownRegions = (
				en,
				Base,
			);
			mainGroup = A13E00D42A76BED6009F495E;
			productRefGroup = A13E00DE2A76BED6009F495E /* Products */;
			projectDirPath = "";
			projectRoot = "";
			targets = (
				A13E00DC2A76BED6009F495E /* Runatal */,
				A13E00ED2A76BED7009F495E /* RunatalTests */,
				A13E00F72A76BED7009F495E /* RunatalUITests */,
			);
		};
/* End PBXProject section */

/* Begin PBXResourcesBuildPhase section */
		A13E00DB2A76BED6009F495E /* Resources */ = {
			isa = PBXResourcesBuildPhase;
			buildActionMask = 2147483647;
			files = (
				A13E00E92A76BED7009F495E /* Preview Assets.xcassets in Resources */,
				A13E00E52A76BED7009F495E /* Assets.xcassets in Resources */,
			);
			runOnlyForDeploymentPostprocessing = 0;
		};
		A13E00EC2A76BED7009F495E /* Resources */ = {
			isa = PBXResourcesBuildPhase;
			buildActionMask = 2147483647;
			files = (
			);
			runOnlyForDeploymentPostprocessing = 0;
		};
		A13E00F62A76BED7009F495E /* Resources */ = {
			isa = PBXResourcesBuildPhase;
			buildActionMask = 2147483647;
			files = (
			);
			runOnlyForDeploymentPostprocessing = 0;
		};
/* End PBXResourcesBuildPhase section */

/* Begin PBXSourcesBuildPhase section */
		A13E00D92A76BED6009F495E /* Sources */ = {
			isa = PBXSourcesBuildPhase;
			buildActionMask = 2147483647;
			files = (
				A13E00E32A76BED6009F495E /* ContentView.swift in Sources */,
				A13E00E12A76BED6009F495E /* RunatalApp.swift in Sources */,
			);
			runOnlyForDeploymentPostprocessing = 0;
		};
		A13E00EA2A76BED7009F495E /* Sources */ = {
			isa = PBXSourcesBuildPhase;
			buildActionMask = 2147483647;
			files = (
				A13E00F32A76BED7009F495E /* RunatalTests.swift in Sources */,
			);
			runOnlyForDeploymentPostprocessing = 0;
		};
		A13E00F42A76BED7009F495E /* Sources */ = {
			isa = PBXSourcesBuildPhase;
			buildActionMask = 2147483647;
			files = (
				A13E00FF2A76BED7009F495E /* RunatalUITestsLaunchTests.swift in Sources */,
				A13E00FD2A76BED7009F495E /* RunatalUITests.swift in Sources */,
			);
			runOnlyForDeploymentPostprocessing = 0;
		};
/* End PBXSourcesBuildPhase section */

/* Begin PBXTargetDependency section */
		A13E00F02A76BED7009F495E /* PBXTargetDependency */ = {
			isa = PBXTargetDependency;
			target = A13E00DC2A76BED6009F495E /* Runatal */;
			targetProxy = A13E00EF2A76BED7009F495E /* PBXContainerItemProxy */;
		};
		A13E00FA2A76BED7009F495E /* PBXTargetDependency */ = {
			isa = PBXTargetDependency;
			target = A13E00DC2A76BED6009F495E /* Runatal */;
			targetProxy = A13E00F92A76BED7009F495E /* PBXContainerItemProxy */;
		};
/* End PBXTargetDependency section */

/* Begin XCBuildConfiguration section */
		A13E01002A76BED7009F495E /* Debug */ = {
			isa = XCBuildConfiguration;
			buildSettings = {
				ALWAYS_SEARCH_USER_PATHS = NO;
				CLANG_ANALYZER_NONNULL = YES;
				CLANG_ANALYZER_NUMBER_OBJECT_CONVERSION = YES_AGGRESSIVE;
				CLANG_CXX_LANGUAGE_STANDARD = "gnu++20";
				CLANG_ENABLE_MODULES = YES;
				CLANG_ENABLE_OBJC_ARC = YES;
				CLANG_ENABLE_OBJC_WEAK = YES;
				CLANG_WARN_BLOCK_CAPTURE_AUTORELEASING = YES;
				CLANG_WARN_BOOL_CONVERSION = YES;
				CLANG_WARN_COMMA = YES;
				CLANG_WARN_CONSTANT_CONVERSION = YES;
				CLANG_WARN_DEPRECATED_OBJC_IMPLEMENTATIONS = YES;
				CLANG_WARN_DIRECT_OBJC_ISA_USAGE = YES_ERROR;
				CLANG_WARN_DOCUMENTATION_COMMENTS = YES;
				CLANG_WARN_EMPTY_BODY = YES;
				CLANG_WARN_ENUM_CONVERSION = YES;
				CLANG_WARN_INFINITE_RECURSION = YES;
				CLANG_WARN_INT_CONVERSION = YES;
				CLANG_WARN_NON_LITERAL_NULL_CONVERSION = YES;
				CLANG_WARN_OBJC_IMPLICIT_RETAIN_SELF = YES;
				CLANG_WARN_OBJC_LITERAL_CONVERSION = YES;
				CLANG_WARN_OBJC_ROOT_CLASS = YES_ERROR;
				CLANG_WARN_QUOTED_INCLUDE_IN_FRAMEWORK_HEADER = YES;
				CLANG_WARN_RANGE_LOOP_ANALYSIS = YES;
				CLANG_WARN_STRICT_PROTOTYPES = YES;
				CLANG_WARN_SUSPICIOUS_MOVE = YES;
				CLANG_WARN_UNGUARDED_AVAILABILITY = YES_AGGRESSIVE;
				CLANG_WARN_UNREACHABLE_CODE = YES;
				CLANG_WARN__DUPLICATE_METHOD_MATCH = YES;
				COPY_PHASE_STRIP = NO;
				DEBUG_INFORMATION_FORMAT = dwarf;
				ENABLE_STRICT_OBJC_MSGSEND = YES;
				ENABLE_TESTABILITY = YES;
				GCC_C_LANGUAGE_STANDARD = gnu11;
				GCC_DYNAMIC_NO_PIC = NO;
				GCC_NO_COMMON_BLOCKS = YES;
				GCC_OPTIMIZATION_LEVEL = 0;
				GCC_PREPROCESSOR_DEFINITIONS = (
					"DEBUG=1",
					"$(inherited)",
				);
				GCC_WARN_64_TO_32_BIT_CONVERSION = YES;
				GCC_WARN_ABOUT_RETURN_TYPE = YES_ERROR;
				GCC_WARN_UNDECLARED_SELECTOR = YES;
				GCC_WARN_UNINITIALIZED_AUTOS = YES_AGGRESSIVE;
				GCC_WARN_UNUSED_FUNCTION = YES;
				GCC_WARN_UNUSED_VARIABLE = YES;
				MTL_ENABLE_DEBUG_INFO = INCLUDE_SOURCE;
				MTL_FAST_MATH = YES;
				ONLY_ACTIVE_ARCH = YES;
				SWIFT_ACTIVE_COMPILATION_CONDITIONS = DEBUG;
				SWIFT_OPTIMIZATION_LEVEL = "-Onone";
			};
			name = Debug;
		};
		A13E01012A76BED7009F495E /* Release */ = {
			isa = XCBuildConfiguration;
			buildSettings = {
				ALWAYS_SEARCH_USER_PATHS = NO;
				CLANG_ANALYZER_NONNULL = YES;
				CLANG_ANALYZER_NUMBER_OBJECT_CONVERSION = YES_AGGRESSIVE;
				CLANG_CXX_LANGUAGE_STANDARD = "gnu++20";
				CLANG_ENABLE_MODULES = YES;
				CLANG_ENABLE_OBJC_ARC = YES;
				CLANG_ENABLE_OBJC_WEAK = YES;
				CLANG_WARN_BLOCK_CAPTURE_AUTORELEASING = YES;
				CLANG_WARN_BOOL_CONVERSION = YES;
				CLANG_WARN_COMMA = YES;
				CLANG_WARN_CONSTANT_CONVERSION = YES;
				CLANG_WARN_DEPRECATED_OBJC_IMPLEMENTATIONS = YES;
				CLANG_WARN_DIRECT_OBJC_ISA_USAGE = YES_ERROR;
				CLANG_WARN_DOCUMENTATION_COMMENTS = YES;
				CLANG_WARN_EMPTY_BODY = YES;
				CLANG_WARN_ENUM_CONVERSION = YES;
				CLANG_WARN_INFINITE_RECURSION = YES;
				CLANG_WARN_INT_CONVERSION = YES;
				CLANG_WARN_NON_LITERAL_NULL_CONVERSION = YES;
				CLANG_WARN_OBJC_IMPLICIT_RETAIN_SELF = YES;
				CLANG_WARN_OBJC_LITERAL_CONVERSION = YES;
				CLANG_WARN_OBJC_ROOT_CLASS = YES_ERROR;
				CLANG_WARN_QUOTED_INCLUDE_IN_FRAMEWORK_HEADER = YES;
				CLANG_WARN_RANGE_LOOP_ANALYSIS = YES;
				CLANG_WARN_STRICT_PROTOTYPES = YES;
				CLANG_WARN_SUSPICIOUS_MOVE = YES;
				CLANG_WARN_UNGUARDED_AVAILABILITY = YES_AGGRESSIVE;
				CLANG_WARN_UNREACHABLE_CODE = YES;
				CLANG_WARN__DUPLICATE_METHOD_MATCH = YES;
				COPY_PHASE_STRIP = NO;
				DEBUG_INFORMATION_FORMAT = "dwarf-with-dsym";
				ENABLE_NS_ASSERTIONS = NO;
				ENABLE_STRICT_OBJC_MSGSEND = YES;
				GCC_C_LANGUAGE_STANDARD = gnu11;
				GCC_NO_COMMON_BLOCKS = YES;
				GCC_WARN_64_TO_32_BIT_CONVERSION = YES;
				GCC_WARN_ABOUT_RETURN_TYPE = YES_ERROR;
				GCC_WARN_UNDECLARED_SELECTOR = YES;
				GCC_WARN_UNINITIALIZED_AUTOS = YES_AGGRESSIVE;
				GCC_WARN_UNUSED_FUNCTION = YES;
				GCC_WARN_UNUSED_VARIABLE = YES;
				MTL_ENABLE_DEBUG_INFO = NO;
				MTL_FAST_MATH = YES;
				SWIFT_COMPILATION_MODE = wholemodule;
				SWIFT_OPTIMIZATION_LEVEL = "-O";
			};
			name = Release;
		};
		A13E01032A76BED7009F495E /* Debug */ = {
			isa = XCBuildConfiguration;
			buildSettings = {
				ASSETCATALOG_COMPILER_APPICON_NAME = AppIcon;
				ASSETCATALOG_COMPILER_GLOBAL_ACCENT_COLOR_NAME = AccentColor;
				CODE_SIGN_ENTITLEMENTS = Runatal/Runatal.entitlements;
				CODE_SIGN_STYLE = Automatic;
				CURRENT_PROJECT_VERSION = 1;
				DEVELOPMENT_ASSET_PATHS = "\"Runatal/Preview Content\"";
				DEVELOPMENT_TEAM = 4V482C5WA8;
				ENABLE_HARDENED_RUNTIME = YES;
				ENABLE_PREVIEWS = YES;
				GENERATE_INFOPLIST_FILE = YES;
				"INFOPLIST_KEY_UIApplicationSceneManifest_Generation[sdk=iphoneos*]" = YES;
				"INFOPLIST_KEY_UIApplicationSceneManifest_Generation[sdk=iphonesimulator*]" = YES;
				"INFOPLIST_KEY_UIApplicationSupportsIndirectInputEvents[sdk=iphoneos*]" = YES;
				"INFOPLIST_KEY_UIApplicationSupportsIndirectInputEvents[sdk=iphonesimulator*]" = YES;
				"INFOPLIST_KEY_UILaunchScreen_Generation[sdk=iphoneos*]" = YES;
				"INFOPLIST_KEY_UILaunchScreen_Generation[sdk=iphonesimulator*]" = YES;
				"INFOPLIST_KEY_UIStatusBarStyle[sdk=iphoneos*]" = UIStatusBarStyleDefault;
				"INFOPLIST_KEY_UIStatusBarStyle[sdk=iphonesimulator*]" = UIStatusBarStyleDefault;
				INFOPLIST_KEY_UISupportedInterfaceOrientations_iPad = "UIInterfaceOrientationPortrait UIInterfaceOrientationPortraitUpsideDown UIInterfaceOrientationLandscapeLeft UIInterfaceOrientationLandscapeRight";
				INFOPLIST_KEY_UISupportedInterfaceOrientations_iPhone = "UIInterfaceOrientationPortrait UIInterfaceOrientationLandscapeLeft UIInterfaceOrientationLandscapeRight";
				IPHONEOS_DEPLOYMENT_TARGET = 16.4;
				LD_RUNPATH_SEARCH_PATHS = "@executable_path/Frameworks";
				"LD_RUNPATH_SEARCH_PATHS[sdk=macosx*]" = "@executable_path/../Frameworks";
				MACOSX_DEPLOYMENT_TARGET = 13.3;
				MARKETING_VERSION = 1.0;
				PRODUCT_BUNDLE_IDENTIFIER = Andskur.Runatal;
				PRODUCT_NAME = "$(TARGET_NAME)";
				SDKROOT = auto;
				SUPPORTED_PLATFORMS = "iphoneos iphonesimulator macosx";
				SWIFT_EMIT_LOC_STRINGS = YES;
				SWIFT_VERSION = 5.0;
				TARGETED_DEVICE_FAMILY = "1,2";
			};
			name = Debug;
		};
		A13E01042A76BED7009F495E /* Release */ = {
			isa = XCBuildConfiguration;
			buildSettings = {
				ASSETCATALOG_COMPILER_APPICON_NAME = AppIcon;
				ASSETCATALOG_COMPILER_GLOBAL_ACCENT_COLOR_NAME = AccentColor;
				CODE_SIGN_ENTITLEMENTS = Runatal/Runatal.entitlements;
				CODE_SIGN_STYLE = Automatic;
				CURRENT_PROJECT_VERSION = 1;
				DEVELOPMENT_ASSET_PATHS = "\"Runatal/Preview Content\"";
				DEVELOPMENT_TEAM = 4V482C5WA8;
				ENABLE_HARDENED_RUNTIME = YES;
				ENABLE_PREVIEWS = YES;
				GENERATE_INFOPLIST_FILE = YES;
				"INFOPLIST_KEY_UIApplicationSceneManifest_Generation[sdk=iphoneos*]" = YES;
				"INFOPLIST_KEY_UIApplicationSceneManifest_Generation[sdk=iphonesimulator*]" = YES;
				"INFOPLIST_KEY_UIApplicationSupportsIndirectInputEvents[sdk=iphoneos*]" = YES;
				"INFOPLIST_KEY_UIApplicationSupportsIndirectInputEvents[sdk=iphonesimulator*]" = YES;
				"INFOPLIST_KEY_UILaunchScreen_Generation[sdk=iphoneos*]" = YES;
				"INFOPLIST_KEY_UILaunchScreen_Generation[sdk=iphonesimulator*]" = YES;
				"INFOPLIST_KEY_UIStatusBarStyle[sdk=iphoneos*]" = UIStatusBarStyleDefault;
				"INFOPLIST_KEY_UIStatusBarStyle[sdk=iphonesimulator*]" = UIStatusBarStyleDefault;
				INFOPLIST_KEY_UISupportedInterfaceOrientations_iPad = "UIInterfaceOrientationPortrait UIInterfaceOrientationPortraitUpsideDown UIInterfaceOrientationLandscapeLeft UIInterfaceOrientationLandscapeRight";
				INFOPLIST_KEY_UISupportedInterfaceOrientations_iPhone = "UIInterfaceOrientationPortrait UIInterfaceOrientationLandscapeLeft UIInterfaceOrientationLandscapeRight";
				IPHONEOS_DEPLOYMENT_TARGET = 16.4;
				LD_RUNPATH_SEARCH_PATHS = "@executable_path/Frameworks";
				"LD_RUNPATH_SEARCH_PATHS[sdk=macosx*]" = "@executable_path/../Frameworks";
				MACOSX_DEPLOYMENT_TARGET = 13.3;
				MARKETING_VERSION = 1.0;
				PRODUCT_BUNDLE_IDENTIFIER = Andskur.Runatal;
				PRODUCT_NAME = "$(TARGET_NAME)";
				SDKROOT = auto;
				SUPPORTED_PLATFORMS = "iphoneos iphonesimulator macosx";
				SWIFT_EMIT_LOC_STRINGS = YES;
				SWIFT_VERSION = 5.0;
				TARGETED_DEVICE_FAMILY = "1,2";
			};
			name = Release;
		};
		A13E01062A76BED7009F495E /* Debug */ = {
			isa = XCBuildConfiguration;
			buildSettings = {
				ALWAYS_EMBED_SWIFT_STANDARD_LIBRARIES = YES;
				BUNDLE_LOADER = "$(TEST_HOST)";
				CODE_SIGN_STYLE = Automatic;
				CURRENT_PROJECT_VERSION = 1;
				DEVELOPMENT_TEAM = 4V482C5WA8;
				GENERATE_INFOPLIST_FILE = YES;
				IPHONEOS_DEPLOYMENT_TARGET = 16.4;
				MACOSX_DEPLOYMENT_TARGET = 13.3;
				MARKETING_VERSION = 1.0;
				PRODUCT_BUNDLE_IDENTIFIER = Andskur.RunatalTests;
				PRODUCT_NAME = "$(TARGET_NAME)";
				SDKROOT = auto;
				SUPPORTED_PLATFORMS = "iphoneos iphonesimulator macosx";
				SWIFT_EMIT_LOC_STRINGS = NO;
				SWIFT_VERSION = 5.0;
				TARGETED_DEVICE_FAMILY = "1,2";
				TEST_HOST = "$(BUILT_PRODUCTS_DIR)/Runatal.app/$(BUNDLE_EXECUTABLE_FOLDER_PATH)/Runatal";
			};
			name = Debug;
		};
		A13E01072A76BED7009F495E /* Release */ = {
			isa = XCBuildConfiguration;
			buildSettings = {
				ALWAYS_EMBED_SWIFT_STANDARD_LIBRARIES = YES;
				BUNDLE_LOADER = "$(TEST_HOST)";
				CODE_SIGN_STYLE = Automatic;
				CURRENT_PROJECT_VERSION = 1;
				DEVELOPMENT_TEAM = 4V482C5WA8;
				GENERATE_INFOPLIST_FILE = YES;
				IPHONEOS_DEPLOYMENT_TARGET = 16.4;
				MACOSX_DEPLOYMENT_TARGET = 13.3;
				MARKETING_VERSION = 1.0;
				PRODUCT_BUNDLE_IDENTIFIER = Andskur.RunatalTests;
				PRODUCT_NAME = "$(TARGET_NAME)";
				SDKROOT = auto;
				SUPPORTED_PLATFORMS = "iphoneos iphonesimulator macosx";
				SWIFT_EMIT_LOC_STRINGS = NO;
				SWIFT_VERSION = 5.0;
				TARGETED_DEVICE_FAMILY = "1,2";
				TEST_HOST = "$(BUILT_PRODUCTS_DIR)/Runatal.app/$(BUNDLE_EXECUTABLE_FOLDER_PATH)/Runatal";
			};
			name = Release;
		};
		A13E01092A76BED7009F495E /* Debug */ = {
			isa = XCBuildConfiguration;
			buildSettings = {
				ALWAYS_EMBED_SWIFT_STANDARD_LIBRARIES = YES;
				CODE_SIGN_STYLE = Automatic;
				CURRENT_PROJECT_VERSION = 1;
				DEVELOPMENT_TEAM = 4V482C5WA8;
				GENERATE_INFOPLIST_FILE = YES;
				IPHONEOS_DEPLOYMENT_TARGET = 16.4;
				MACOSX_DEPLOYMENT_TARGET = 13.3;
				MARKETING_VERSION = 1.0;
				PRODUCT_BUNDLE_IDENTIFIER = Andskur.RunatalUITests;
				PRODUCT_NAME = "$(TARGET_NAME)";
				SDKROOT = auto;
				SUPPORTED_PLATFORMS = "iphoneos iphonesimulator macosx";
				SWIFT_EMIT_LOC_STRINGS = NO;
				SWIFT_VERSION = 5.0;
				TARGETED_DEVICE_FAMILY = "1,2";
				TEST_TARGET_NAME = Runatal;
			};
			name = Debug;
		};
		A13E010A2A76BED7009F495E /* Release */ = {
			isa = XCBuildConfiguration;
			buildSettings = {
				ALWAYS_EMBED_SWIFT_STANDARD_LIBRARIES = YES;
				CODE_SIGN_STYLE = Automatic;
				CURRENT_PROJECT_VERSION = 1;
				DEVELOPMENT_TEAM = 4V482C5WA8;
				GENERATE_INFOPLIST_FILE = YES;
				IPHONEOS_DEPLOYMENT_TARGET = 16.4;
				MACOSX_DEPLOYMENT_TARGET = 13.3;
				MARKETING_VERSION = 1.0;
				PRODUCT_BUNDLE_IDENTIFIER = Andskur.RunatalUITests;
				PRODUCT_NAME = "$(TARGET_NAME)";
				SDKROOT = auto;
				SUPPORTED_PLATFORMS = "iphoneos iphonesimulator macosx";
				SWIFT_EMIT_LOC_STRINGS = NO;
				SWIFT_VERSION = 5.0;
				TARGETED_DEVICE_FAMILY = "1,2";
				TEST_TARGET_NAME = Runatal;
			};
			name = Release;
		};
/* End XCBuildConfiguration section */

/* Begin XCConfigurationList section */
		A13E00D82A76BED6009F495E /* Build configuration list for PBXProject "Runatal" */ = {
			isa = XCConfigurationList;
			buildConfigurations = (
				A13E01002A76BED7009F495E /* Debug */,
				A13E01012A76BED7009F495E /* Release */,
			);
			defaultConfigurationIsVisible = 0;
			defaultConfigurationName = Release;
		};
		A13E01022A76BED7009F495E /* Build configuration list for PBXNativeTarget "Runatal" */ = {
			isa = XCConfigurationList;
			buildConfigurations = (
				A13E01032A76BED7009F495E /* Debug */,
				A13E01042A76BED7009F495E /* Release */,
			);
			defaultConfigurationIsVisible = 0;
			defaultConfigurationName = Release;
		};
		A13E01052A76BED7009F495E /* Build configuration list for PBXNativeTarget "RunatalTests" */ = {
			isa = XCConfigurationList;
			buildConfigurations = (
				A13E01062A76BED7009F495E /* Debug */,
				A13E01072A76BED7009F495E /* Release */,
			);
			defaultConfigurationIsVisible = 0;
			defaultConfigurationName = Release;
		};
		A13E01082A76BED7009F495E /* Build configuration list for PBXNativeTarget "RunatalUITests" */ = {
			isa = XCConfigurationList;
			buildConfigurations = (
				A13E01092A76BED7009F495E /* Debug */,
				A13E010A2A76BED7009F495E /* Release */,
			);
			defaultConfigurationIsVisible = 0;
			defaultConfigurationName = Release;
		};
/* End XCConfigurationList section */
	};
	rootObject = A13E00D52A76BED6009F495E /* Project object */;
}
